
Microsoft Visual Studio Solution File, Format Version 12.00
# Visual Studio Version 17
VisualStudioVersion = 17.13.35931.197
MinimumVisualStudioVersion = 10.0.40219.1
Project("{FAE04EC0-301F-11D3-BF4B-00C04F79EFBC}") = "Mediwink.DataAccessLayer", "Mediwink.DataAccessLayer\Mediwink.DataAccessLayer.csproj", "{3E504B59-67A8-4A58-B97F-347A2C132347}"
EndProject
Project("{FAE04EC0-301F-11D3-BF4B-00C04F79EFBC}") = "Mediwink.ConsoleApp", "Mediwink.ConsoleApp\Mediwink.ConsoleApp.csproj", "{0322AB3E-BCC8-496C-9942-B28F28938FC1}"
EndProject
Project("{FAE04EC0-301F-11D3-BF4B-00C04F79EFBC}") = "MediWink.Services", "MediWink.Services\MediWink.Services.csproj", "{9EC43904-60E4-461B-AE18-5356A3510034}"
EndProject
Global
	GlobalSection(SolutionConfigurationPlatforms) = preSolution
		Debug|Any CPU = Debug|Any CPU
		Release|Any CPU = Release|Any CPU
	EndGlobalSection
	GlobalSection(ProjectConfigurationPlatforms) = postSolution
		{3E504B59-67A8-4A58-B97F-347A2C132347}.Debug|Any CPU.ActiveCfg = Debug|Any CPU
		{3E504B59-67A8-4A58-B97F-347A2C132347}.Debug|Any CPU.Build.0 = Debug|Any CPU
		{3E504B59-67A8-4A58-B97F-347A2C132347}.Release|Any CPU.ActiveCfg = Release|Any CPU
		{3E504B59-67A8-4A58-B97F-347A2C132347}.Release|Any CPU.Build.0 = Release|Any CPU
		{0322AB3E-BCC8-496C-9942-B28F28938FC1}.Debug|Any CPU.ActiveCfg = Debug|Any CPU
		{0322AB3E-BCC8-496C-9942-B28F28938FC1}.Debug|Any CPU.Build.0 = Debug|Any CPU
		{0322AB3E-BCC8-496C-9942-B28F28938FC1}.Release|Any CPU.ActiveCfg = Release|Any CPU
		{0322AB3E-BCC8-496C-9942-B28F28938FC1}.Release|Any CPU.Build.0 = Release|Any CPU
		{9EC43904-60E4-461B-AE18-5356A3510034}.Debug|Any CPU.ActiveCfg = Debug|Any CPU
		{9EC43904-60E4-461B-AE18-5356A3510034}.Debug|Any CPU.Build.0 = Debug|Any CPU
		{9EC43904-60E4-461B-AE18-5356A3510034}.Release|Any CPU.ActiveCfg = Release|Any CPU
		{9EC43904-60E4-461B-AE18-5356A3510034}.Release|Any CPU.Build.0 = Release|Any CPU
	EndGlobalSection
	GlobalSection(SolutionProperties) = preSolution
		HideSolutionNode = FALSE
	EndGlobalSection
	GlobalSection(ExtensibilityGlobals) = postSolution
		SolutionGuid = {1B90CC7D-E65E-4E3E-A85E-69C7CB0DBA7B}
	EndGlobalSection
EndGlobal
